github.com/aws/aws-sdk-go-v2 v1.41.4 h1:10f50G7WyU02T56ox1wWXq+zTX9I1zxG46HYuG1hH/k=
github.com/aws/aws-sdk-go-v2 v1.41.4/go.mod h1:mwsPRE8ceUUpiTgF7QmQIJ7lgsKUPQOUl3o72QBrE1o=
github.com/aws/aws-sdk-go-v2/aws/protocol/eventstream v1.7.6 h1:N4lRUXZpZ1KVEUn6hxtco/1d2lgYhNn1fHkkl8WhlyQ=
github.com/aws/aws-sdk-go-v2/aws/protocol/eventstream v1.7.6/go.mod h1:lyw7GFp3qENLh7kwzf7iMzAxDn+NzjXEAGjKS2UOKqI=
github.com/aws/aws-sdk-go-v2/config v1.32.11 h1:ftxI5sgz8jZkckuUHXfC/wMUc8u3fG1vQS0plr2F2Zs=
github.com/aws/aws-sdk-go-v2/config v1.32.11/go.mod h1:twF11+6ps9aNRKEDimksp923o44w/Thk9+8YIlzWMmo=
github.com/aws/aws-sdk-go-v2/credentials v1.19.11 h1:NdV8cwCcAXrCWyxArt58BrvZJ9pZ9Fhf9w6Uh5W3Uyc=
github.com/aws/aws-sdk-go-v2/credentials v1.19.11/go.mod h1:30yY2zqkMPdrvxBqzI9xQCM+WrlrZKSOpSJEsylVU+8=
github.com/aws/aws-sdk-go-v2/feature/ec2/imds v1.18.19 h1:INUvJxmhdEbVulJYHI061k4TVuS3jzzthNvjqvVvTKM=
github.com/aws/aws-sdk-go-v2/feature/ec2/imds v1.18.19/go.mod h1:FpZN2QISLdEBWkayloda+sZjVJL+e9Gl0k1SyTgcswU=
github.com/aws/aws-sdk-go-v2/internal/configsources v1.4.20 h1:CNXO7mvgThFGqOFgbNAP2nol2qAWBOGfqR/7tQlvLmc=
github.com/aws/aws-sdk-go-v2/internal/configsources v1.4.20/go.mod h1:oydPDJKcfMhgfcgBUZaG+toBbwy8yPWubJXBVERtI4o=
github.com/aws/aws-sdk-go-v2/internal/endpoints/v2 v2.7.20 h1:tN6W/hg+pkM+tf9XDkWUbDEjGLb+raoBMFsTodcoYKw=
github.com/aws/aws-sdk-go-v2/internal/endpoints/v2 v2.7.20/go.mod h1:YJ898MhD067hSHA6xYCx5ts/jEd8BSOLtQDL3iZsvbc=
github.com/aws/aws-sdk-go-v2/internal/ini v1.8.5 h1:clHU5fm//kWS1C2HgtgWxfQbFbx4b6rx+5jzhgX9HrI=
github.com/aws/aws-sdk-go-v2/internal/ini v1.8.5/go.mod h1:O3h0IK87yXci+kg6flUKzJnWeziQUKciKrLjcatSNcY=
github.com/aws/aws-sdk-go-v2/internal/v4a v1.4.20 h1:qi3e/dmpdONhj1RyIZdi6DKKpDXS5Lb8ftr3p7cyHJc=
github.com/aws/aws-sdk-go-v2/internal/v4a v1.4.20/go.mod h1:V1K+TeJVD5JOk3D9e5tsX2KUdL7BlB+FV6cBhdobN8c=
github.com/aws/aws-sdk-go-v2/service/internal/accept-encoding v1.13.7 h1:5EniKhLZe4xzL7a+fU3C2tfUN4nWIqlLesfrjkuPFTY=
github.com/aws/aws-sdk-go-v2/service/internal/accept-encoding v1.13.7/go.mod h1:x0nZssQ3qZSnIcePWLvcoFisRXJzcTVvYpAAdYX8+GI=
github.com/aws/aws-sdk-go-v2/service/internal/checksum v1.9.11 h1:BYf7XNsJMzl4mObARUBUib+j2tf0U//JAAtTnYqvqCw=
github.com/aws/aws-sdk-go-v2/service/internal/checksum v1.9.11/go.mod h1:aEUS4WrNk/+FxkBZZa7tVgp4pGH+kFGW40Y8rCPqt5g=
github.com/aws/aws-sdk-go-v2/service/internal/presigned-url v1.13.20 h1:2HvVAIq+YqgGotK6EkMf+KIEqTISmTYh5zLpYyeTo1Y=
github.com/aws/aws-sdk-go-v2/service/internal/presigned-url v1.13.20/go.mod h1:V4X406Y666khGa8ghKmphma/7C0DAtEQYhkq9z4vpbk=
github.com/aws/aws-sdk-go-v2/service/internal/s3shared v1.19.19 h1:JnQeStZvPHFHeyky/7LbMlyQjUa+jIBj36OlWm0pzIk=
github.com/aws/aws-sdk-go-v2/service/internal/s3shared v1.19.19/go.mod h1:HGyasyHvYdFQeJhvDHfH7HXkHh57htcJGKDZ+7z+I24=
github.com/aws/aws-sdk-go-v2/service/s3 v1.96.4 h1:4ExZyubQ6LQQVuF2Qp9OsfEvsTdAWh5Gfwf6PgIdLdk=
github.com/aws/aws-sdk-go-v2/service/s3 v1.96.4/go.mod h1:NF3JcMGOiARAss1ld3WGORCw71+4ExDD2cbbdKS5PpA=
github.com/aws/aws-sdk-go-v2/service/signin v1.0.7 h1:Y2cAXlClHsXkkOvWZFXATr34b0hxxloeQu/pAZz2row=
github.com/aws/aws-sdk-go-v2/service/signin v1.0.7/go.mod h1:idzZ7gmDeqeNrSPkdbtMp9qWMgcBwykA7P7Rzh5DXVU=
github.com/aws/aws-sdk-go-v2/service/sso v1.30.12 h1:iSsvB9EtQ09YrsmIc44Heqlx5ByGErqhPK1ZQLppias=
github.com/aws/aws-sdk-go-v2/service/sso v1.30.12/go.mod h1:fEWYKTRGoZNl8tZ77i61/ccwOMJdGxwOhWCkp6TXAr0=
github.com/aws/aws-sdk-go-v2/service/ssooidc v1.35.16 h1:EnUdUqRP1CNzt2DkV67tJx6XDN4xlfBFm+bzeNOQVb0=
github.com/aws/aws-sdk-go-v2/service/ssooidc v1.35.16/go.mod h1:Jic/xv0Rq/pFNCh3WwpH4BEqdbSAl+IyHro8LbibHD8=
github.com/aws/aws-sdk-go-v2/service/sts v1.41.9 h1:Cng+OOwCHmFljXIxpEVXAGMnBia8MSU6Ch5i9PgBkcU=
github.com/aws/aws-sdk-go-v2/service/sts v1.41.9/go.mod h1:LrlIndBDdjA/EeXeyNBle+gyCwTlizzW5ycgWnvIxkk=
github.com/aws/smithy-go v1.24.2 h1:FzA3bu/nt/vDvmnkg+R8Xl46gmzEDam6mZ1hzmwXFng=
github.com/aws/smithy-go v1.24.2/go.mod h1:YE2RhdIuDbA5E5bTdciG9KrW3+TiEONeUWCqxX9i1Fc=
github.com/beorn7/perks v1.0.1 h1:VlbKKnNfV8bJzeqoa4cOKqO6bYr3WgKZxO8Z16+hsOM=
github.com/beorn7/perks v1.0.1/go.mod h1:G2ZrVWU2WbWT9wwq4/hrbKbnv/1ERSJQ0ibhJ6rlkpw=
github.com/cespare/xxhash/v2 v2.3.0 h1:UL815xU9SqsFlibzuggzjXhog7bL6oX9BbNZnL2UFvs=
github.com/cespare/xxhash/v2 v2.3.0/go.mod h1:VGX0DQ3Q6kWi7AoAeZDth3/j3BFtOZR5XLFGgcrjCOs=
github.com/creack/pty v1.1.9/go.mod h1:oKZEueFk5CKHvIhNR5MUki03XCEU+Q6VDXinZuGJ33E=
github.com/davecgh/go-spew v1.1.1 h1:vj9j/u1bqnvCEfJOwUhtlOARqs3+rkHYY13jYWTU97c=
github.com/davecgh/go-spew v1.1.1/go.mod h1:J7Y8YcW2NihsgmVo/mv3lAwl/skON4iLHjSsI+c5H38=
github.com/google/go-cmp v0.7.0 h1:wk8382ETsv4JYUZwIsn6YpYiWiBsYLSJiTsyBybVuN8=
github.com/google/go-cmp v0.7.0/go.mod h1:pXiqmnSA92OHEEa9HXL2W4E7lf9JzCmGVUdgjX3N/iU=
github.com/klauspost/compress v1.18.0 h1:c/Cqfb0r+Yi+JtIEq73FWXVkRonBlf0CRNYc8Zttxdo=
github.com/klauspost/compress v1.18.0/go.mod h1:2Pp+KzxcywXVXMr50+X0Q/Lsb43OQHYWRCY2AiWywWQ=
github.com/kr/pretty v0.3.1 h1:flRD4NNwYAUpkphVc1HcthR4KEIFJ65n8Mw5qdRn3LE=
github.com/kr/pretty v0.3.1/go.mod h1:hoEshYVHaxMs3cyo3Yncou5ZscifuDolrwPKZanG3xk=
github.com/kr/text v0.2.0 h1:5Nx0Ya0ZqY2ygV366QzturHI13Jq95ApcVaJBhpS+AY=
github.com/kr/text v0.2.0/go.mod h1:eLer722TekiGuMkidMxC/pM04lWEeraHUUmBw8l2grE=
github.com/kylelemons/godebug v1.1.0 h1:RPNrshWIDI6G2gRW9EHilWtl7Z6Sb1BR0xunSBf0SNc=
github.com/kylelemons/godebug v1.1.0/go.mod h1:9/0rRGxNHcop5bhtWyNeEfOS8JIWk580+fNqagV/RAw=
github.com/munnerz/goautoneg v0.0.0-20191010083416-a7dc8b61c822 h1:C3w9PqII01/Oq1c1nUAm88MOHcQC9l5mIlSMApZMrHA=
github.com/munnerz/goautoneg v0.0.0-20191010083416-a7dc8b61c822/go.mod h1:+n7T8mK8HuQTcFwEeznm/DIxMOiR9yIdICNftLE1DvQ=
github.com/pmezard/go-difflib v1.0.0 h1:4DBwDE0NGyQoBHbLQYPwSUPoCMWR5BEzIk/f1lZbAQM=
github.com/pmezard/go-difflib v1.0.0/go.mod h1:iKH77koFhYxTK1pcRnkKkqfTogsbg7gZNVY4sRDYZ/4=
github.com/prometheus/client_golang v1.23.2 h1:Je96obch5RDVy3FDMndoUsjAhG5Edi49h0RJWRi/o0o=
github.com/prometheus/client_golang v1.23.2/go.mod h1:Tb1a6LWHB3/SPIzCoaDXI4I8UHKeFTEQ1YCr+0Gyqmg=
github.com/prometheus/client_model v0.6.2 h1:oBsgwpGs7iVziMvrGhE53c/GrLUsZdHnqNwqPLxwZyk=
github.com/prometheus/client_model v0.6.2/go.mod h1:y3m2F6Gdpfy6Ut/GBsUqTWZqCUvMVzSfMLjcu6wAwpE=
github.com/prometheus/common v0.67.5 h1:pIgK94WWlQt1WLwAC5j2ynLaBRDiinoAb86HZHTUGI4=
github.com/prometheus/common v0.67.5/go.mod h1:SjE/0MzDEEAyrdr5Gqc6G+sXI67maCxzaT3A2+HqjUw=
github.com/prometheus/procfs v0.20.1 h1:XwbrGOIplXW/AU3YhIhLODXMJYyC1isLFfYCsTEycfc=
github.com/prometheus/procfs v0.20.1/go.mod h1:o9EMBZGRyvDrSPH1RqdxhojkuXstoe4UlK79eF5TGGo=
github.com/rogpeppe/go-internal v1.13.1 h1:KvO1DLK/DRN07sQ1LQKScxyZJuNnedQ5/wKSR38lUII=
github.com/rogpeppe/go-internal v1.13.1/go.mod h1:uMEvuHeurkdAXX61udpOXGD/AzZDWNMNyH2VO9fmH0o=
github.com/sirupsen/logrus v1.9.4 h1:TsZE7l11zFCLZnZ+teH4Umoq5BhEIfIzfRDZ1Uzql2w=
github.com/sirupsen/logrus v1.9.4/go.mod h1:ftWc9WdOfJ0a92nsE2jF5u5ZwH8Bv2zdeOC42RjbV2g=
github.com/stretchr/objx v0.5.2 h1:xuMeJ0Sdp5ZMRXx/aWO6RZxdr3beISkG5/G/aIRr3pY=
github.com/stretchr/objx v0.5.2/go.mod h1:FRsXN1f5AsAjCGJKqEizvkpNtU+EGNCLh3NxZ/8L+MA=
github.com/stretchr/testify v1.11.1 h1:7s2iGBzp5EwR7/aIZr8ao5+dra3wiQyKjjFuvgVKu7U=
github.com/stretchr/testify v1.11.1/go.mod h1:wZwfW3scLgRK+23gO65QZefKpKQRnfz6sD981Nm4B6U=
go.uber.org/goleak v1.3.0 h1:2K3zAYmnTNqV73imy9J1T3WC+gmCePx2hEGkimedGto=
go.uber.org/goleak v1.3.0/go.mod h1:CoHD4mav9JJNrW/WLlf7HGZPjdw8EucARQHekz1X6bE=
go.yaml.in/yaml/v2 v2.4.4 h1:tuyd0P+2Ont/d6e2rl3be67goVK4R6deVxCUX5vyPaQ=
go.yaml.in/yaml/v2 v2.4.4/go.mod h1:gMZqIpDtDqOfM0uNfy0SkpRhvUryYH0Z6wdMYcacYXQ=
golang.org/x/sys v0.42.0 h1:omrd2nAlyT5ESRdCLYdm3+fMfNFE/+Rf4bDIQImRJeo=
golang.org/x/sys v0.42.0/go.mod h1:4GL1E5IUh+htKOUEOaiffhrAeqysfVGipDYzABqnCmw=
google.golang.org/protobuf v1.36.11 h1:fV6ZwhNocDyBLK0dj+fg8ektcVegBBuEolpbTQyBNVE=
google.golang.org/protobuf v1.36.11/go.mod h1:HTf+CrKn2C3g5S8VImy6tdcUvCska2kB7j23XfzDpco=
gopkg.in/check.v1 v0.0.0-20161208181325-20d25e280405/go.mod h1:Co6ibVJAznAaIkqp8huTwlJQCZ016jof/cbN4VW5Yz0=
gopkg.in/check.v1 v1.0.0-20201130134442-10cb98267c6c h1:Hei/4ADfdWqJk1ZMxUNpqntNwaWcugrBjAiHlqqRiVk=
gopkg.in/check.v1 v1.0.0-20201130134442-10cb98267c6c/go.mod h1:JHkPIbrfpd72SG/EVd6muEfDQjcINNoR0C8j2r3qZ4Q=
gopkg.in/yaml.v3 v3.0.1 h1:fxVm/GzAzEWqLHuvctI91KS9hhNmmWOoWu0XTYJS7CA=
gopkg.in/yaml.v3 v3.0.1/go.mod h1:K4uyk7z7BCEPqu6E+C64Yfv1cQ7kz7rIZviUmN+EgEM=
